
Microsoft Visual Studio Solution File, Format Version 12.00
# Visual Studio Version 16
VisualStudioVersion = 16.0.30320.27
MinimumVisualStudioVersion = 10.0.40219.1
Project("{2150E333-8FDC-42A3-9474-1A3956D46DE8}") = "Applications", "Applications", "{74C95BAB-56B1-405C-939D-A1E610E2D13A}"
EndProject
Project("{2150E333-8FDC-42A3-9474-1A3956D46DE8}") = "User", "User", "{838A6F56-F6EA-4526-8970-E452FF746C97}"
EndProject
Project("{9A19103F-16F7-4668-BE54-9A1E7A4F7556}") = "User.UnitTest", "Applications\User\User.UnitTest\User.UnitTest.csproj", "{46935275-A6F3-4C6D-B24B-5CCE4BDB81A6}"
EndProject
Project("{9A19103F-16F7-4668-BE54-9A1E7A4F7556}") = "User.Infrastructure", "Applications\User\User.Infrastructure\User.Infrastructure.csproj", "{1B90C303-90EB-4507-A9A0-4EE23E1B3A28}"
EndProject
Project("{9A19103F-16F7-4668-BE54-9A1E7A4F7556}") = "User.Identity", "Applications\User\User.Identity\User.Identity.csproj", "{C5C4F018-65AC-4CA7-922B-BA4FEE759A20}"
EndProject
Project("{9A19103F-16F7-4668-BE54-9A1E7A4F7556}") = "User.Domain", "Applications\User\User.Domain\User.Domain.csproj", "{7D007A5A-8B7A-4403-904B-D19CA01E19B8}"
EndProject
Project("{9A19103F-16F7-4668-BE54-9A1E7A4F7556}") = "User.Application", "Applications\User\User.Application\User.Application.csproj", "{1C2ABEA0-6D81-4804-9ADD-2766E3D86D3D}"
EndProject
Project("{9A19103F-16F7-4668-BE54-9A1E7A4F7556}") = "User.API", "Applications\User\User.API\User.API.csproj", "{F5811038-9492-41BA-A52A-E59CEF4AD06A}"
EndProject
Project("{2150E333-8FDC-42A3-9474-1A3956D46DE8}") = "Consumers", "Consumers", "{C61D88DF-8484-43C2-B2CD-968D3C45733A}"
EndProject
Project("{9A19103F-16F7-4668-BE54-9A1E7A4F7556}") = "MailNotification", "Applications\Consumers\MailNotification\MailNotification.csproj", "{FCE8707F-3AC4-4179-9EF2-1D24992DC67A}"
EndProject
Project("{2150E333-8FDC-42A3-9474-1A3956D46DE8}") = "CrossCutting", "CrossCutting", "{94AD7AB7-6C8A-4435-AAA2-42281BF0D2C9}"
EndProject
Project("{9A19103F-16F7-4668-BE54-9A1E7A4F7556}") = "Extensions", "CrossCutting\Extensions\Extensions.csproj", "{08905AA8-2803-420A-A872-C0E620116535}"
EndProject
Project("{9A19103F-16F7-4668-BE54-9A1E7A4F7556}") = "EventBus", "CrossCutting\EventBus\EventBus.csproj", "{5583DCCD-968F-4CED-9F3D-3B0201BF5C57}"
EndProject
Project("{9A19103F-16F7-4668-BE54-9A1E7A4F7556}") = "EventContext", "CrossCutting\EventContext\EventContext.csproj", "{7FCACC38-6541-478F-8FD8-7F5FC76AA6E8}"
EndProject
Project("{2150E333-8FDC-42A3-9474-1A3956D46DE8}") = "Branch", "Branch", "{ADFA99EF-E29C-4B69-8E19-AF894F6F4A45}"
EndProject
Project("{2150E333-8FDC-42A3-9474-1A3956D46DE8}") = "Product", "Product", "{692D0E66-40B9-4A42-B77F-FE20BA4263A2}"
EndProject
Project("{9A19103F-16F7-4668-BE54-9A1E7A4F7556}") = "Product.Domain", "Applications\Product\Product.Domain\Product.Domain.csproj", "{144E8EC5-E961-49E7-B81B-9DDAA0EDC3D7}"
EndProject
Project("{9A19103F-16F7-4668-BE54-9A1E7A4F7556}") = "Product.Infrastructure", "Applications\Product\Product.Infrastructure\Product.Infrastructure.csproj", "{C4ADA8D3-0A53-4616-93D8-4DA45B09033C}"
EndProject
Project("{9A19103F-16F7-4668-BE54-9A1E7A4F7556}") = "Product.Application", "Applications\Product\Product.Application\Product.Application.csproj", "{ED6963F8-58FF-483C-AA33-1E0DAFE0510D}"
EndProject
Project("{9A19103F-16F7-4668-BE54-9A1E7A4F7556}") = "Product.API", "Applications\Product\Product.API\Product.API.csproj", "{CBE27149-2170-4BD0-91A5-E06DA6B46021}"
EndProject
Project("{9A19103F-16F7-4668-BE54-9A1E7A4F7556}") = "Product.UnitTest", "Applications\Product\Product.UnitTest\Product.UnitTest.csproj", "{4AF69822-25BA-4128-97D5-B2B6BEF5F094}"
EndProject
Project("{9A19103F-16F7-4668-BE54-9A1E7A4F7556}") = "Branch.Domain", "Applications\Branch\Branch.Domain\Branch.Domain.csproj", "{86CAD09E-3C6A-4A56-91F8-DAAB9877CD44}"
EndProject
Project("{9A19103F-16F7-4668-BE54-9A1E7A4F7556}") = "Branch.Infrastructure", "Applications\Branch\Branch.Infrastructure\Branch.Infrastructure.csproj", "{DF002D29-90A1-4EE4-B12B-091C36EE6005}"
EndProject
Project("{9A19103F-16F7-4668-BE54-9A1E7A4F7556}") = "Branch.Application", "Applications\Branch\Branch.Application\Branch.Application.csproj", "{31CC9ACB-EC17-449D-B9F8-66FF08658142}"
EndProject
Project("{9A19103F-16F7-4668-BE54-9A1E7A4F7556}") = "Branch.API", "Applications\Branch\Branch.API\Branch.API.csproj", "{ECC6F0EC-C730-4AB7-B679-32BE3548FD40}"
EndProject
Project("{9A19103F-16F7-4668-BE54-9A1E7A4F7556}") = "Branch.UnitTest", "Applications\Branch\Branch.UnitTest\Branch.UnitTest.csproj", "{6E8DAD99-20C4-4E2C-AB34-C428451CB646}"
EndProject
Project("{9A19103F-16F7-4668-BE54-9A1E7A4F7556}") = "Events", "CrossCutting\Events\Events.csproj", "{C467628E-1D2D-4B60-9AC4-684EECA34B05}"
EndProject
Project("{2150E333-8FDC-42A3-9474-1A3956D46DE8}") = "Infrastructure", "Infrastructure", "{3C4E7BD9-614E-46C5-804A-95CD293D69E0}"
EndProject
Project("{2150E333-8FDC-42A3-9474-1A3956D46DE8}") = "Event", "Event", "{93802BEE-5775-48A2-9DD3-1B8726145A7E}"
EndProject
Project("{2150E333-8FDC-42A3-9474-1A3956D46DE8}") = "Authentication", "Authentication", "{7EA44E0C-CCDB-40BB-8C15-ADF728A32EAE}"
EndProject
Project("{9A19103F-16F7-4668-BE54-9A1E7A4F7556}") = "Authentication", "CrossCutting\Authentication\Authentication.csproj", "{806DA1CE-33E1-40DB-8A4E-9F363EB054F2}"
EndProject
Global
	GlobalSection(SolutionConfigurationPlatforms) = preSolution
		Debug|Any CPU = Debug|Any CPU
		Release|Any CPU = Release|Any CPU
	EndGlobalSection
	GlobalSection(ProjectConfigurationPlatforms) = postSolution
		{46935275-A6F3-4C6D-B24B-5CCE4BDB81A6}.Debug|Any CPU.ActiveCfg = Debug|Any CPU
		{46935275-A6F3-4C6D-B24B-5CCE4BDB81A6}.Debug|Any CPU.Build.0 = Debug|Any CPU
		{46935275-A6F3-4C6D-B24B-5CCE4BDB81A6}.Release|Any CPU.ActiveCfg = Release|Any CPU
		{46935275-A6F3-4C6D-B24B-5CCE4BDB81A6}.Release|Any CPU.Build.0 = Release|Any CPU
		{1B90C303-90EB-4507-A9A0-4EE23E1B3A28}.Debug|Any CPU.ActiveCfg = Debug|Any CPU
		{1B90C303-90EB-4507-A9A0-4EE23E1B3A28}.Debug|Any CPU.Build.0 = Debug|Any CPU
		{1B90C303-90EB-4507-A9A0-4EE23E1B3A28}.Release|Any CPU.ActiveCfg = Release|Any CPU
		{1B90C303-90EB-4507-A9A0-4EE23E1B3A28}.Release|Any CPU.Build.0 = Release|Any CPU
		{C5C4F018-65AC-4CA7-922B-BA4FEE759A20}.Debug|Any CPU.ActiveCfg = Debug|Any CPU
		{C5C4F018-65AC-4CA7-922B-BA4FEE759A20}.Debug|Any CPU.Build.0 = Debug|Any CPU
		{C5C4F018-65AC-4CA7-922B-BA4FEE759A20}.Release|Any CPU.ActiveCfg = Release|Any CPU
		{C5C4F018-65AC-4CA7-922B-BA4FEE759A20}.Release|Any CPU.Build.0 = Release|Any CPU
		{7D007A5A-8B7A-4403-904B-D19CA01E19B8}.Debug|Any CPU.ActiveCfg = Debug|Any CPU
		{7D007A5A-8B7A-4403-904B-D19CA01E19B8}.Debug|Any CPU.Build.0 = Debug|Any CPU
		{7D007A5A-8B7A-4403-904B-D19CA01E19B8}.Release|Any CPU.ActiveCfg = Release|Any CPU
		{7D007A5A-8B7A-4403-904B-D19CA01E19B8}.Release|Any CPU.Build.0 = Release|Any CPU
		{1C2ABEA0-6D81-4804-9ADD-2766E3D86D3D}.Debug|Any CPU.ActiveCfg = Debug|Any CPU
		{1C2ABEA0-6D81-4804-9ADD-2766E3D86D3D}.Debug|Any CPU.Build.0 = Debug|Any CPU
		{1C2ABEA0-6D81-4804-9ADD-2766E3D86D3D}.Release|Any CPU.ActiveCfg = Release|Any CPU
		{1C2ABEA0-6D81-4804-9ADD-2766E3D86D3D}.Release|Any CPU.Build.0 = Release|Any CPU
		{F5811038-9492-41BA-A52A-E59CEF4AD06A}.Debug|Any CPU.ActiveCfg = Debug|Any CPU
		{F5811038-9492-41BA-A52A-E59CEF4AD06A}.Debug|Any CPU.Build.0 = Debug|Any CPU
		{F5811038-9492-41BA-A52A-E59CEF4AD06A}.Release|Any CPU.ActiveCfg = Release|Any CPU
		{F5811038-9492-41BA-A52A-E59CEF4AD06A}.Release|Any CPU.Build.0 = Release|Any CPU
		{FCE8707F-3AC4-4179-9EF2-1D24992DC67A}.Debug|Any CPU.ActiveCfg = Debug|Any CPU
		{FCE8707F-3AC4-4179-9EF2-1D24992DC67A}.Debug|Any CPU.Build.0 = Debug|Any CPU
		{FCE8707F-3AC4-4179-9EF2-1D24992DC67A}.Release|Any CPU.ActiveCfg = Release|Any CPU
		{FCE8707F-3AC4-4179-9EF2-1D24992DC67A}.Release|Any CPU.Build.0 = Release|Any CPU
		{08905AA8-2803-420A-A872-C0E620116535}.Debug|Any CPU.ActiveCfg = Debug|Any CPU
		{08905AA8-2803-420A-A872-C0E620116535}.Debug|Any CPU.Build.0 = Debug|Any CPU
		{08905AA8-2803-420A-A872-C0E620116535}.Release|Any CPU.ActiveCfg = Release|Any CPU
		{08905AA8-2803-420A-A872-C0E620116535}.Release|Any CPU.Build.0 = Release|Any CPU
		{5583DCCD-968F-4CED-9F3D-3B0201BF5C57}.Debug|Any CPU.ActiveCfg = Debug|Any CPU
		{5583DCCD-968F-4CED-9F3D-3B0201BF5C57}.Debug|Any CPU.Build.0 = Debug|Any CPU
		{5583DCCD-968F-4CED-9F3D-3B0201BF5C57}.Release|Any CPU.ActiveCfg = Release|Any CPU
		{5583DCCD-968F-4CED-9F3D-3B0201BF5C57}.Release|Any CPU.Build.0 = Release|Any CPU
		{7FCACC38-6541-478F-8FD8-7F5FC76AA6E8}.Debug|Any CPU.ActiveCfg = Debug|Any CPU
		{7FCACC38-6541-478F-8FD8-7F5FC76AA6E8}.Debug|Any CPU.Build.0 = Debug|Any CPU
		{7FCACC38-6541-478F-8FD8-7F5FC76AA6E8}.Release|Any CPU.ActiveCfg = Release|Any CPU
		{7FCACC38-6541-478F-8FD8-7F5FC76AA6E8}.Release|Any CPU.Build.0 = Release|Any CPU
		{144E8EC5-E961-49E7-B81B-9DDAA0EDC3D7}.Debug|Any CPU.ActiveCfg = Debug|Any CPU
		{144E8EC5-E961-49E7-B81B-9DDAA0EDC3D7}.Debug|Any CPU.Build.0 = Debug|Any CPU
		{144E8EC5-E961-49E7-B81B-9DDAA0EDC3D7}.Release|Any CPU.ActiveCfg = Release|Any CPU
		{144E8EC5-E961-49E7-B81B-9DDAA0EDC3D7}.Release|Any CPU.Build.0 = Release|Any CPU
		{C4ADA8D3-0A53-4616-93D8-4DA45B09033C}.Debug|Any CPU.ActiveCfg = Debug|Any CPU
		{C4ADA8D3-0A53-4616-93D8-4DA45B09033C}.Debug|Any CPU.Build.0 = Debug|Any CPU
		{C4ADA8D3-0A53-4616-93D8-4DA45B09033C}.Release|Any CPU.ActiveCfg = Release|Any CPU
		{C4ADA8D3-0A53-4616-93D8-4DA45B09033C}.Release|Any CPU.Build.0 = Release|Any CPU
		{ED6963F8-58FF-483C-AA33-1E0DAFE0510D}.Debug|Any CPU.ActiveCfg = Debug|Any CPU
		{ED6963F8-58FF-483C-AA33-1E0DAFE0510D}.Debug|Any CPU.Build.0 = Debug|Any CPU
		{ED6963F8-58FF-483C-AA33-1E0DAFE0510D}.Release|Any CPU.ActiveCfg = Release|Any CPU
		{ED6963F8-58FF-483C-AA33-1E0DAFE0510D}.Release|Any CPU.Build.0 = Release|Any CPU
		{CBE27149-2170-4BD0-91A5-E06DA6B46021}.Debug|Any CPU.ActiveCfg = Debug|Any CPU
		{CBE27149-2170-4BD0-91A5-E06DA6B46021}.Debug|Any CPU.Build.0 = Debug|Any CPU
		{CBE27149-2170-4BD0-91A5-E06DA6B46021}.Release|Any CPU.ActiveCfg = Release|Any CPU
		{CBE27149-2170-4BD0-91A5-E06DA6B46021}.Release|Any CPU.Build.0 = Release|Any CPU
		{4AF69822-25BA-4128-97D5-B2B6BEF5F094}.Debug|Any CPU.ActiveCfg = Debug|Any CPU
		{4AF69822-25BA-4128-97D5-B2B6BEF5F094}.Debug|Any CPU.Build.0 = Debug|Any CPU
		{4AF69822-25BA-4128-97D5-B2B6BEF5F094}.Release|Any CPU.ActiveCfg = Release|Any CPU
		{4AF69822-25BA-4128-97D5-B2B6BEF5F094}.Release|Any CPU.Build.0 = Release|Any CPU
		{86CAD09E-3C6A-4A56-91F8-DAAB9877CD44}.Debug|Any CPU.ActiveCfg = Debug|Any CPU
		{86CAD09E-3C6A-4A56-91F8-DAAB9877CD44}.Debug|Any CPU.Build.0 = Debug|Any CPU
		{86CAD09E-3C6A-4A56-91F8-DAAB9877CD44}.Release|Any CPU.ActiveCfg = Release|Any CPU
		{86CAD09E-3C6A-4A56-91F8-DAAB9877CD44}.Release|Any CPU.Build.0 = Release|Any CPU
		{DF002D29-90A1-4EE4-B12B-091C36EE6005}.Debug|Any CPU.ActiveCfg = Debug|Any CPU
		{DF002D29-90A1-4EE4-B12B-091C36EE6005}.Debug|Any CPU.Build.0 = Debug|Any CPU
		{DF002D29-90A1-4EE4-B12B-091C36EE6005}.Release|Any CPU.ActiveCfg = Release|Any CPU
		{DF002D29-90A1-4EE4-B12B-091C36EE6005}.Release|Any CPU.Build.0 = Release|Any CPU
		{31CC9ACB-EC17-449D-B9F8-66FF08658142}.Debug|Any CPU.ActiveCfg = Debug|Any CPU
		{31CC9ACB-EC17-449D-B9F8-66FF08658142}.Debug|Any CPU.Build.0 = Debug|Any CPU
		{31CC9ACB-EC17-449D-B9F8-66FF08658142}.Release|Any CPU.ActiveCfg = Release|Any CPU
		{31CC9ACB-EC17-449D-B9F8-66FF08658142}.Release|Any CPU.Build.0 = Release|Any CPU
		{ECC6F0EC-C730-4AB7-B679-32BE3548FD40}.Debug|Any CPU.ActiveCfg = Debug|Any CPU
		{ECC6F0EC-C730-4AB7-B679-32BE3548FD40}.Debug|Any CPU.Build.0 = Debug|Any CPU
		{ECC6F0EC-C730-4AB7-B679-32BE3548FD40}.Release|Any CPU.ActiveCfg = Release|Any CPU
		{ECC6F0EC-C730-4AB7-B679-32BE3548FD40}.Release|Any CPU.Build.0 = Release|Any CPU
		{6E8DAD99-20C4-4E2C-AB34-C428451CB646}.Debug|Any CPU.ActiveCfg = Debug|Any CPU
		{6E8DAD99-20C4-4E2C-AB34-C428451CB646}.Debug|Any CPU.Build.0 = Debug|Any CPU
		{6E8DAD99-20C4-4E2C-AB34-C428451CB646}.Release|Any CPU.ActiveCfg = Release|Any CPU
		{6E8DAD99-20C4-4E2C-AB34-C428451CB646}.Release|Any CPU.Build.0 = Release|Any CPU
		{C467628E-1D2D-4B60-9AC4-684EECA34B05}.Debug|Any CPU.ActiveCfg = Debug|Any CPU
		{C467628E-1D2D-4B60-9AC4-684EECA34B05}.Debug|Any CPU.Build.0 = Debug|Any CPU
		{C467628E-1D2D-4B60-9AC4-684EECA34B05}.Release|Any CPU.ActiveCfg = Release|Any CPU
		{C467628E-1D2D-4B60-9AC4-684EECA34B05}.Release|Any CPU.Build.0 = Release|Any CPU
		{806DA1CE-33E1-40DB-8A4E-9F363EB054F2}.Debug|Any CPU.ActiveCfg = Debug|Any CPU
		{806DA1CE-33E1-40DB-8A4E-9F363EB054F2}.Debug|Any CPU.Build.0 = Debug|Any CPU
		{806DA1CE-33E1-40DB-8A4E-9F363EB054F2}.Release|Any CPU.ActiveCfg = Release|Any CPU
		{806DA1CE-33E1-40DB-8A4E-9F363EB054F2}.Release|Any CPU.Build.0 = Release|Any CPU
	EndGlobalSection
	GlobalSection(SolutionProperties) = preSolution
		HideSolutionNode = FALSE
	EndGlobalSection
	GlobalSection(NestedProjects) = preSolution
		{838A6F56-F6EA-4526-8970-E452FF746C97} = {74C95BAB-56B1-405C-939D-A1E610E2D13A}
		{46935275-A6F3-4C6D-B24B-5CCE4BDB81A6} = {838A6F56-F6EA-4526-8970-E452FF746C97}
		{1B90C303-90EB-4507-A9A0-4EE23E1B3A28} = {838A6F56-F6EA-4526-8970-E452FF746C97}
		{C5C4F018-65AC-4CA7-922B-BA4FEE759A20} = {838A6F56-F6EA-4526-8970-E452FF746C97}
		{7D007A5A-8B7A-4403-904B-D19CA01E19B8} = {838A6F56-F6EA-4526-8970-E452FF746C97}
		{1C2ABEA0-6D81-4804-9ADD-2766E3D86D3D} = {838A6F56-F6EA-4526-8970-E452FF746C97}
		{F5811038-9492-41BA-A52A-E59CEF4AD06A} = {838A6F56-F6EA-4526-8970-E452FF746C97}
		{C61D88DF-8484-43C2-B2CD-968D3C45733A} = {74C95BAB-56B1-405C-939D-A1E610E2D13A}
		{FCE8707F-3AC4-4179-9EF2-1D24992DC67A} = {C61D88DF-8484-43C2-B2CD-968D3C45733A}
		{08905AA8-2803-420A-A872-C0E620116535} = {3C4E7BD9-614E-46C5-804A-95CD293D69E0}
		{5583DCCD-968F-4CED-9F3D-3B0201BF5C57} = {93802BEE-5775-48A2-9DD3-1B8726145A7E}
		{7FCACC38-6541-478F-8FD8-7F5FC76AA6E8} = {93802BEE-5775-48A2-9DD3-1B8726145A7E}
		{ADFA99EF-E29C-4B69-8E19-AF894F6F4A45} = {74C95BAB-56B1-405C-939D-A1E610E2D13A}
		{692D0E66-40B9-4A42-B77F-FE20BA4263A2} = {74C95BAB-56B1-405C-939D-A1E610E2D13A}
		{144E8EC5-E961-49E7-B81B-9DDAA0EDC3D7} = {692D0E66-40B9-4A42-B77F-FE20BA4263A2}
		{C4ADA8D3-0A53-4616-93D8-4DA45B09033C} = {692D0E66-40B9-4A42-B77F-FE20BA4263A2}
		{ED6963F8-58FF-483C-AA33-1E0DAFE0510D} = {692D0E66-40B9-4A42-B77F-FE20BA4263A2}
		{CBE27149-2170-4BD0-91A5-E06DA6B46021} = {692D0E66-40B9-4A42-B77F-FE20BA4263A2}
		{4AF69822-25BA-4128-97D5-B2B6BEF5F094} = {692D0E66-40B9-4A42-B77F-FE20BA4263A2}
		{86CAD09E-3C6A-4A56-91F8-DAAB9877CD44} = {ADFA99EF-E29C-4B69-8E19-AF894F6F4A45}
		{DF002D29-90A1-4EE4-B12B-091C36EE6005} = {ADFA99EF-E29C-4B69-8E19-AF894F6F4A45}
		{31CC9ACB-EC17-449D-B9F8-66FF08658142} = {ADFA99EF-E29C-4B69-8E19-AF894F6F4A45}
		{ECC6F0EC-C730-4AB7-B679-32BE3548FD40} = {ADFA99EF-E29C-4B69-8E19-AF894F6F4A45}
		{6E8DAD99-20C4-4E2C-AB34-C428451CB646} = {ADFA99EF-E29C-4B69-8E19-AF894F6F4A45}
		{C467628E-1D2D-4B60-9AC4-684EECA34B05} = {94AD7AB7-6C8A-4435-AAA2-42281BF0D2C9}
		{3C4E7BD9-614E-46C5-804A-95CD293D69E0} = {94AD7AB7-6C8A-4435-AAA2-42281BF0D2C9}
		{93802BEE-5775-48A2-9DD3-1B8726145A7E} = {3C4E7BD9-614E-46C5-804A-95CD293D69E0}
		{7EA44E0C-CCDB-40BB-8C15-ADF728A32EAE} = {3C4E7BD9-614E-46C5-804A-95CD293D69E0}
		{806DA1CE-33E1-40DB-8A4E-9F363EB054F2} = {7EA44E0C-CCDB-40BB-8C15-ADF728A32EAE}
	EndGlobalSection
	GlobalSection(ExtensibilityGlobals) = postSolution
		SolutionGuid = {1A494405-20AB-4E06-838D-5C736219AEAB}
	EndGlobalSection
EndGlobal
